// !$*UTF8*$!
{
	archiveVersion = 1;
	classes = {
	};
	objectVersion = 56;
	objects = {

/* Begin PBXBuildFile section */
		0225F60A2A93E6EF001DF42E /* GamesListView.swift in Sources */ = {isa = PBXBuildFile; fileRef = 0225F6092A93E6EF001DF42E /* GamesListView.swift */; };
		0225F60C2A93E701001DF42E /* DetailView.swift in Sources */ = {isa = PBXBuildFile; fileRef = 0225F60B2A93E701001DF42E /* DetailView.swift */; };
		0225F60E2A93E717001DF42E /* FavoritesView.swift in Sources */ = {isa = PBXBuildFile; fileRef = 0225F60D2A93E717001DF42E /* FavoritesView.swift */; };
		0225F6102A93E72D001DF42E /* Game.swift in Sources */ = {isa = PBXBuildFile; fileRef = 0225F60F2A93E72D001DF42E /* Game.swift */; };
		0225F6132A93E776001DF42E /* GameProvider.swift in Sources */ = {isa = PBXBuildFile; fileRef = 0225F6122A93E776001DF42E /* GameProvider.swift */; };
		0225F6152A93E879001DF42E /* CoreDataController.swift in Sources */ = {isa = PBXBuildFile; fileRef = 0225F6142A93E879001DF42E /* CoreDataController.swift */; };
		0225F6172A93E9DF001DF42E /* NetworkingErrors.swift in Sources */ = {isa = PBXBuildFile; fileRef = 0225F6162A93E9DF001DF42E /* NetworkingErrors.swift */; };
		027CBA882A94423E00123C8F /* CardView.swift in Sources */ = {isa = PBXBuildFile; fileRef = 027CBA872A94423E00123C8F /* CardView.swift */; };
		02F97CB52A9D37B300A7DCCD /* SearchableViewModel.swift in Sources */ = {isa = PBXBuildFile; fileRef = 02F97CB42A9D37B300A7DCCD /* SearchableViewModel.swift */; };
		3153E1B92A93EB3000959B69 /* CoreDataModel.xcdatamodeld in Sources */ = {isa = PBXBuildFile; fileRef = 3153E1B72A93EB3000959B69 /* CoreDataModel.xcdatamodeld */; };
		43979A2F2A991E22000D0279 /* Laira-Italic.otf in Resources */ = {isa = PBXBuildFile; fileRef = 43979A2D2A991E22000D0279 /* Laira-Italic.otf */; };
		43979A302A991E22000D0279 /* Laira.otf in Resources */ = {isa = PBXBuildFile; fileRef = 43979A2E2A991E22000D0279 /* Laira.otf */; };
		439DDA0A2A93CE30008BBCDA /* NanoChallenge_03App.swift in Sources */ = {isa = PBXBuildFile; fileRef = 439DDA092A93CE30008BBCDA /* NanoChallenge_03App.swift */; };
		439DDA0C2A93CE30008BBCDA /* ContentView.swift in Sources */ = {isa = PBXBuildFile; fileRef = 439DDA0B2A93CE30008BBCDA /* ContentView.swift */; };
		439DDA0E2A93CE31008BBCDA /* Assets.xcassets in Resources */ = {isa = PBXBuildFile; fileRef = 439DDA0D2A93CE31008BBCDA /* Assets.xcassets */; };
		439DDA112A93CE31008BBCDA /* Preview Assets.xcassets in Resources */ = {isa = PBXBuildFile; fileRef = 439DDA102A93CE31008BBCDA /* Preview Assets.xcassets */; };
		43C8B8CE2A9D21D600D400AA /* NTF-Grand-Italic.otf in Resources */ = {isa = PBXBuildFile; fileRef = 43C8B8CD2A9D21D600D400AA /* NTF-Grand-Italic.otf */; };
/* End PBXBuildFile section */

/* Begin PBXFileReference section */
		0225F6092A93E6EF001DF42E /* GamesListView.swift */ = {isa = PBXFileReference; lastKnownFileType = sourcecode.swift; path = GamesListView.swift; sourceTree = "<group>"; };
		0225F60B2A93E701001DF42E /* DetailView.swift */ = {isa = PBXFileReference; lastKnownFileType = sourcecode.swift; path = DetailView.swift; sourceTree = "<group>"; };
		0225F60D2A93E717001DF42E /* FavoritesView.swift */ = {isa = PBXFileReference; lastKnownFileType = sourcecode.swift; path = FavoritesView.swift; sourceTree = "<group>"; };
		0225F60F2A93E72D001DF42E /* Game.swift */ = {isa = PBXFileReference; lastKnownFileType = sourcecode.swift; path = Game.swift; sourceTree = "<group>"; };
		0225F6122A93E776001DF42E /* GameProvider.swift */ = {isa = PBXFileReference; lastKnownFileType = sourcecode.swift; path = GameProvider.swift; sourceTree = "<group>"; };
		0225F6142A93E879001DF42E /* CoreDataController.swift */ = {isa = PBXFileReference; lastKnownFileType = sourcecode.swift; path = CoreDataController.swift; sourceTree = "<group>"; };
		0225F6162A93E9DF001DF42E /* NetworkingErrors.swift */ = {isa = PBXFileReference; lastKnownFileType = sourcecode.swift; path = NetworkingErrors.swift; sourceTree = "<group>"; };
		027CBA872A94423E00123C8F /* CardView.swift */ = {isa = PBXFileReference; lastKnownFileType = sourcecode.swift; path = CardView.swift; sourceTree = "<group>"; };
		02F97CB42A9D37B300A7DCCD /* SearchableViewModel.swift */ = {isa = PBXFileReference; lastKnownFileType = sourcecode.swift; path = SearchableViewModel.swift; sourceTree = "<group>"; };
		3153E1B82A93EB3000959B69 /* CoreDataModel.xcdatamodel */ = {isa = PBXFileReference; lastKnownFileType = wrapper.xcdatamodel; path = CoreDataModel.xcdatamodel; sourceTree = "<group>"; };
		31E4CE322A9D1DC0006F6209 /* NanoChallenge_03.entitlements */ = {isa = PBXFileReference; lastKnownFileType = text.plist.entitlements; path = NanoChallenge_03.entitlements; sourceTree = "<group>"; };
		43979A2D2A991E22000D0279 /* Laira-Italic.otf */ = {isa = PBXFileReference; lastKnownFileType = file; path = "Laira-Italic.otf"; sourceTree = "<group>"; };
		43979A2E2A991E22000D0279 /* Laira.otf */ = {isa = PBXFileReference; lastKnownFileType = file; path = Laira.otf; sourceTree = "<group>"; };
		439DDA062A93CE30008BBCDA /* NanoChallenge_03.app */ = {isa = PBXFileReference; explicitFileType = wrapper.application; includeInIndex = 0; path = NanoChallenge_03.app; sourceTree = BUILT_PRODUCTS_DIR; };
		439DDA092A93CE30008BBCDA /* NanoChallenge_03App.swift */ = {isa = PBXFileReference; lastKnownFileType = sourcecode.swift; path = NanoChallenge_03App.swift; sourceTree = "<group>"; };
		439DDA0B2A93CE30008BBCDA /* ContentView.swift */ = {isa = PBXFileReference; lastKnownFileType = sourcecode.swift; path = ContentView.swift; sourceTree = "<group>"; };
		439DDA0D2A93CE31008BBCDA /* Assets.xcassets */ = {isa = PBXFileReference; lastKnownFileType = folder.assetcatalog; path = Assets.xcassets; sourceTree = "<group>"; };
		439DDA102A93CE31008BBCDA /* Preview Assets.xcassets */ = {isa = PBXFileReference; lastKnownFileType = folder.assetcatalog; path = "Preview Assets.xcassets"; sourceTree = "<group>"; };
		43C8B8CD2A9D21D600D400AA /* NTF-Grand-Italic.otf */ = {isa = PBXFileReference; lastKnownFileType = file; path = "NTF-Grand-Italic.otf"; sourceTree = "<group>"; };
/* End PBXFileReference section */

/* Begin PBXFrameworksBuildPhase section */
		439DDA032A93CE30008BBCDA /* Frameworks */ = {
			isa = PBXFrameworksBuildPhase;
			buildActionMask = 2147483647;
			files = (
			);
			runOnlyForDeploymentPostprocessing = 0;
		};
/* End PBXFrameworksBuildPhase section */

/* Begin PBXGroup section */
		0225F6042A93E684001DF42E /* Views */ = {
			isa = PBXGroup;
			children = (
				439DDA0B2A93CE30008BBCDA /* ContentView.swift */,
				0225F6092A93E6EF001DF42E /* GamesListView.swift */,
				027CBA872A94423E00123C8F /* CardView.swift */,
				0225F60B2A93E701001DF42E /* DetailView.swift */,
				0225F60D2A93E717001DF42E /* FavoritesView.swift */,
				02F97CB32A9D379300A7DCCD /* ViewModels */,
			);
			path = Views;
			sourceTree = "<group>";
		};
		0225F6062A93E695001DF42E /* Models */ = {
			isa = PBXGroup;
			children = (
				0225F60F2A93E72D001DF42E /* Game.swift */,
				0225F6162A93E9DF001DF42E /* NetworkingErrors.swift */,
			);
			path = Models;
			sourceTree = "<group>";
		};
		0225F6072A93E6A5001DF42E /* API */ = {
			isa = PBXGroup;
			children = (
				0225F6062A93E695001DF42E /* Models */,
				0225F6112A93E744001DF42E /* ViewModels */,
			);
			path = API;
			sourceTree = "<group>";
		};
		0225F6082A93E6AD001DF42E /* CoreData */ = {
			isa = PBXGroup;
			children = (
				3153E1BA2A93EC2300959B69 /* ViewModels */,
				3153E1BB2A93EC2F00959B69 /* Models */,
			);
			path = CoreData;
			sourceTree = "<group>";
		};
		0225F6112A93E744001DF42E /* ViewModels */ = {
			isa = PBXGroup;
			children = (
				0225F6122A93E776001DF42E /* GameProvider.swift */,
			);
			path = ViewModels;
			sourceTree = "<group>";
		};
		02F97CB32A9D379300A7DCCD /* ViewModels */ = {
			isa = PBXGroup;
			children = (
				02F97CB42A9D37B300A7DCCD /* SearchableViewModel.swift */,
			);
			path = ViewModels;
			sourceTree = "<group>";
		};
		3153E1BA2A93EC2300959B69 /* ViewModels */ = {
			isa = PBXGroup;
			children = (
				0225F6142A93E879001DF42E /* CoreDataController.swift */,
			);
			path = ViewModels;
			sourceTree = "<group>";
		};
		3153E1BB2A93EC2F00959B69 /* Models */ = {
			isa = PBXGroup;
			children = (
				3153E1B72A93EB3000959B69 /* CoreDataModel.xcdatamodeld */,
			);
			path = Models;
			sourceTree = "<group>";
		};
		430739B72A97D825005DE66F /* Fonts */ = {
			isa = PBXGroup;
			children = (
				43979A2D2A991E22000D0279 /* Laira-Italic.otf */,
				43979A2E2A991E22000D0279 /* Laira.otf */,
				43C8B8CD2A9D21D600D400AA /* NTF-Grand-Italic.otf */,
			);
			path = Fonts;
			sourceTree = "<group>";
		};
		439DD9FD2A93CE30008BBCDA = {
			isa = PBXGroup;
			children = (
				439DDA082A93CE30008BBCDA /* NanoChallenge_03 */,
				439DDA072A93CE30008BBCDA /* Products */,
			);
			sourceTree = "<group>";
		};
		439DDA072A93CE30008BBCDA /* Products */ = {
			isa = PBXGroup;
			children = (
				439DDA062A93CE30008BBCDA /* NanoChallenge_03.app */,
			);
			name = Products;
			sourceTree = "<group>";
		};
		439DDA082A93CE30008BBCDA /* NanoChallenge_03 */ = {
			isa = PBXGroup;
			children = (
				31E4CE322A9D1DC0006F6209 /* NanoChallenge_03.entitlements */,
				439DDA092A93CE30008BBCDA /* NanoChallenge_03App.swift */,
				0225F6042A93E684001DF42E /* Views */,
				0225F6072A93E6A5001DF42E /* API */,
				0225F6082A93E6AD001DF42E /* CoreData */,
				439DDA0D2A93CE31008BBCDA /* Assets.xcassets */,
				430739B72A97D825005DE66F /* Fonts */,
				439DDA0F2A93CE31008BBCDA /* Preview Content */,
			);
			path = NanoChallenge_03;
			sourceTree = "<group>";
		};
		439DDA0F2A93CE31008BBCDA /* Preview Content */ = {
			isa = PBXGroup;
			children = (
				439DDA102A93CE31008BBCDA /* Preview Assets.xcassets */,
			);
			path = "Preview Content";
			sourceTree = "<group>";
		};
/* End PBXGroup section */

/* Begin PBXNativeTarget section */
		439DDA052A93CE30008BBCDA /* NanoChallenge_03 */ = {
			isa = PBXNativeTarget;
			buildConfigurationList = 439DDA142A93CE31008BBCDA /* Build configuration list for PBXNativeTarget "NanoChallenge_03" */;
			buildPhases = (
				439DDA022A93CE30008BBCDA /* Sources */,
				439DDA032A93CE30008BBCDA /* Frameworks */,
				439DDA042A93CE30008BBCDA /* Resources */,
			);
			buildRules = (
			);
			dependencies = (
			);
			name = NanoChallenge_03;
			productName = NanoChallenge_03;
			productReference = 439DDA062A93CE30008BBCDA /* NanoChallenge_03.app */;
			productType = "com.apple.product-type.application";
		};
/* End PBXNativeTarget section */

/* Begin PBXProject section */
		439DD9FE2A93CE30008BBCDA /* Project object */ = {
			isa = PBXProject;
			attributes = {
				BuildIndependentTargetsInParallel = 1;
				LastSwiftUpdateCheck = 1430;
				LastUpgradeCheck = 1430;
				TargetAttributes = {
					439DDA052A93CE30008BBCDA = {
						CreatedOnToolsVersion = 14.3.1;
					};
				};
			};
			buildConfigurationList = 439DDA012A93CE30008BBCDA /* Build configuration list for PBXProject "NanoChallenge_03" */;
			compatibilityVersion = "Xcode 14.0";
			developmentRegion = en;
			hasScannedForEncodings = 0;
			knownRegions = (
				en,
				Base,
			);
			mainGroup = 439DD9FD2A93CE30008BBCDA;
			productRefGroup = 439DDA072A93CE30008BBCDA /* Products */;
			projectDirPath = "";
			projectRoot = "";
			targets = (
				439DDA052A93CE30008BBCDA /* NanoChallenge_03 */,
			);
		};
/* End PBXProject section */

/* Begin PBXResourcesBuildPhase section */
		439DDA042A93CE30008BBCDA /* Resources */ = {
			isa = PBXResourcesBuildPhase;
			buildActionMask = 2147483647;
			files = (
				43979A2F2A991E22000D0279 /* Laira-Italic.otf in Resources */,
				43979A302A991E22000D0279 /* Laira.otf in Resources */,
				43C8B8CE2A9D21D600D400AA /* NTF-Grand-Italic.otf in Resources */,
				439DDA112A93CE31008BBCDA /* Preview Assets.xcassets in Resources */,
				439DDA0E2A93CE31008BBCDA /* Assets.xcassets in Resources */,
			);
			runOnlyForDeploymentPostprocessing = 0;
		};
/* End PBXResourcesBuildPhase section */

/* Begin PBXSourcesBuildPhase section */
		439DDA022A93CE30008BBCDA /* Sources */ = {
			isa = PBXSourcesBuildPhase;
			buildActionMask = 2147483647;
			files = (
				0225F60E2A93E717001DF42E /* FavoritesView.swift in Sources */,
				0225F6102A93E72D001DF42E /* Game.swift in Sources */,
				0225F6172A93E9DF001DF42E /* NetworkingErrors.swift in Sources */,
				0225F6152A93E879001DF42E /* CoreDataController.swift in Sources */,
				3153E1B92A93EB3000959B69 /* CoreDataModel.xcdatamodeld in Sources */,
				0225F60A2A93E6EF001DF42E /* GamesListView.swift in Sources */,
				0225F60C2A93E701001DF42E /* DetailView.swift in Sources */,
				439DDA0C2A93CE30008BBCDA /* ContentView.swift in Sources */,
				439DDA0A2A93CE30008BBCDA /* NanoChallenge_03App.swift in Sources */,
				027CBA882A94423E00123C8F /* CardView.swift in Sources */,
				02F97CB52A9D37B300A7DCCD /* SearchableViewModel.swift in Sources */,
				0225F6132A93E776001DF42E /* GameProvider.swift in Sources */,
			);
			runOnlyForDeploymentPostprocessing = 0;
		};
/* End PBXSourcesBuildPhase section */

/* Begin XCBuildConfiguration section */
		439DDA122A93CE31008BBCDA /* Debug */ = {
			isa = XCBuildConfiguration;
			buildSettings = {
				ALWAYS_SEARCH_USER_PATHS = NO;
				CLANG_ANALYZER_NONNULL = YES;
				CLANG_ANALYZER_NUMBER_OBJECT_CONVERSION = YES_AGGRESSIVE;
				CLANG_CXX_LANGUAGE_STANDARD = "gnu++20";
				CLANG_ENABLE_MODULES = YES;
				CLANG_ENABLE_OBJC_ARC = YES;
				CLANG_ENABLE_OBJC_WEAK = YES;
				CLANG_WARN_BLOCK_CAPTURE_AUTORELEASING = YES;
				CLANG_WARN_BOOL_CONVERSION = YES;
				CLANG_WARN_COMMA = YES;
				CLANG_WARN_CONSTANT_CONVERSION = YES;
				CLANG_WARN_DEPRECATED_OBJC_IMPLEMENTATIONS = YES;
				CLANG_WARN_DIRECT_OBJC_ISA_USAGE = YES_ERROR;
				CLANG_WARN_DOCUMENTATION_COMMENTS = YES;
				CLANG_WARN_EMPTY_BODY = YES;
				CLANG_WARN_ENUM_CONVERSION = YES;
				CLANG_WARN_INFINITE_RECURSION = YES;
				CLANG_WARN_INT_CONVERSION = YES;
				CLANG_WARN_NON_LITERAL_NULL_CONVERSION = YES;
				CLANG_WARN_OBJC_IMPLICIT_RETAIN_SELF = YES;
				CLANG_WARN_OBJC_LITERAL_CONVERSION = YES;
				CLANG_WARN_OBJC_ROOT_CLASS = YES_ERROR;
				CLANG_WARN_QUOTED_INCLUDE_IN_FRAMEWORK_HEADER = YES;
				CLANG_WARN_RANGE_LOOP_ANALYSIS = YES;
				CLANG_WARN_STRICT_PROTOTYPES = YES;
				CLANG_WARN_SUSPICIOUS_MOVE = YES;
				CLANG_WARN_UNGUARDED_AVAILABILITY = YES_AGGRESSIVE;
				CLANG_WARN_UNREACHABLE_CODE = YES;
				CLANG_WARN__DUPLICATE_METHOD_MATCH = YES;
				COPY_PHASE_STRIP = NO;
				DEBUG_INFORMATION_FORMAT = dwarf;
				ENABLE_STRICT_OBJC_MSGSEND = YES;
				ENABLE_TESTABILITY = YES;
				GCC_C_LANGUAGE_STANDARD = gnu11;
				GCC_DYNAMIC_NO_PIC = NO;
				GCC_NO_COMMON_BLOCKS = YES;
				GCC_OPTIMIZATION_LEVEL = 0;
				GCC_PREPROCESSOR_DEFINITIONS = (
					"DEBUG=1",
					"$(inherited)",
				);
				GCC_WARN_64_TO_32_BIT_CONVERSION = YES;
				GCC_WARN_ABOUT_RETURN_TYPE = YES_ERROR;
				GCC_WARN_UNDECLARED_SELECTOR = YES;
				GCC_WARN_UNINITIALIZED_AUTOS = YES_AGGRESSIVE;
				GCC_WARN_UNUSED_FUNCTION = YES;
				GCC_WARN_UNUSED_VARIABLE = YES;
				IPHONEOS_DEPLOYMENT_TARGET = 16.4;
				MTL_ENABLE_DEBUG_INFO = INCLUDE_SOURCE;
				MTL_FAST_MATH = YES;
				ONLY_ACTIVE_ARCH = YES;
				SDKROOT = iphoneos;
				SWIFT_ACTIVE_COMPILATION_CONDITIONS = DEBUG;
				SWIFT_OPTIMIZATION_LEVEL = "-Onone";
			};
			name = Debug;
		};
		439DDA132A93CE31008BBCDA /* Release */ = {
			isa = XCBuildConfiguration;
			buildSettings = {
				ALWAYS_SEARCH_USER_PATHS = NO;
				CLANG_ANALYZER_NONNULL = YES;
				CLANG_ANALYZER_NUMBER_OBJECT_CONVERSION = YES_AGGRESSIVE;
				CLANG_CXX_LANGUAGE_STANDARD = "gnu++20";
				CLANG_ENABLE_MODULES = YES;
				CLANG_ENABLE_OBJC_ARC = YES;
				CLANG_ENABLE_OBJC_WEAK = YES;
				CLANG_WARN_BLOCK_CAPTURE_AUTORELEASING = YES;
				CLANG_WARN_BOOL_CONVERSION = YES;
				CLANG_WARN_COMMA = YES;
				CLANG_WARN_CONSTANT_CONVERSION = YES;
				CLANG_WARN_DEPRECATED_OBJC_IMPLEMENTATIONS = YES;
				CLANG_WARN_DIRECT_OBJC_ISA_USAGE = YES_ERROR;
				CLANG_WARN_DOCUMENTATION_COMMENTS = YES;
				CLANG_WARN_EMPTY_BODY = YES;
				CLANG_WARN_ENUM_CONVERSION = YES;
				CLANG_WARN_INFINITE_RECURSION = YES;
				CLANG_WARN_INT_CONVERSION = YES;
				CLANG_WARN_NON_LITERAL_NULL_CONVERSION = YES;
				CLANG_WARN_OBJC_IMPLICIT_RETAIN_SELF = YES;
				CLANG_WARN_OBJC_LITERAL_CONVERSION = YES;
				CLANG_WARN_OBJC_ROOT_CLASS = YES_ERROR;
				CLANG_WARN_QUOTED_INCLUDE_IN_FRAMEWORK_HEADER = YES;
				CLANG_WARN_RANGE_LOOP_ANALYSIS = YES;
				CLANG_WARN_STRICT_PROTOTYPES = YES;
				CLANG_WARN_SUSPICIOUS_MOVE = YES;
				CLANG_WARN_UNGUARDED_AVAILABILITY = YES_AGGRESSIVE;
				CLANG_WARN_UNREACHABLE_CODE = YES;
				CLANG_WARN__DUPLICATE_METHOD_MATCH = YES;
				COPY_PHASE_STRIP = NO;
				DEBUG_INFORMATION_FORMAT = "dwarf-with-dsym";
				ENABLE_NS_ASSERTIONS = NO;
				ENABLE_STRICT_OBJC_MSGSEND = YES;
				GCC_C_LANGUAGE_STANDARD = gnu11;
				GCC_NO_COMMON_BLOCKS = YES;
				GCC_WARN_64_TO_32_BIT_CONVERSION = YES;
				GCC_WARN_ABOUT_RETURN_TYPE = YES_ERROR;
				GCC_WARN_UNDECLARED_SELECTOR = YES;
				GCC_WARN_UNINITIALIZED_AUTOS = YES_AGGRESSIVE;
				GCC_WARN_UNUSED_FUNCTION = YES;
				GCC_WARN_UNUSED_VARIABLE = YES;
				IPHONEOS_DEPLOYMENT_TARGET = 16.4;
				MTL_ENABLE_DEBUG_INFO = NO;
				MTL_FAST_MATH = YES;
				SDKROOT = iphoneos;
				SWIFT_COMPILATION_MODE = wholemodule;
				SWIFT_OPTIMIZATION_LEVEL = "-O";
				VALIDATE_PRODUCT = YES;
			};
			name = Release;
		};
		439DDA152A93CE31008BBCDA /* Debug */ = {
			isa = XCBuildConfiguration;
			buildSettings = {
				ASSETCATALOG_COMPILER_APPICON_NAME = AppIcon;
				ASSETCATALOG_COMPILER_GLOBAL_ACCENT_COLOR_NAME = AccentColor;
				CODE_SIGN_ENTITLEMENTS = NanoChallenge_03/NanoChallenge_03.entitlements;
				CODE_SIGN_STYLE = Automatic;
				CURRENT_PROJECT_VERSION = 1;
				DEVELOPMENT_ASSET_PATHS = "\"NanoChallenge_03/Preview Content\"";
				DEVELOPMENT_TEAM = HX623XK8T6;
				ENABLE_PREVIEWS = YES;
				GENERATE_INFOPLIST_FILE = YES;
				INFOPLIST_FILE = "NanoChallenge-03-Info.plist";
				INFOPLIST_KEY_LSApplicationCategoryType = "";
				INFOPLIST_KEY_UIApplicationSceneManifest_Generation = YES;
				INFOPLIST_KEY_UIApplicationSupportsIndirectInputEvents = YES;
				INFOPLIST_KEY_UILaunchScreen_Generation = YES;
				INFOPLIST_KEY_UISupportedInterfaceOrientations_iPad = "UIInterfaceOrientationPortrait UIInterfaceOrientationPortraitUpsideDown UIInterfaceOrientationLandscapeLeft UIInterfaceOrientationLandscapeRight";
				INFOPLIST_KEY_UISupportedInterfaceOrientations_iPhone = "UIInterfaceOrientationPortrait UIInterfaceOrientationLandscapeLeft UIInterfaceOrientationLandscapeRight";
				LD_RUNPATH_SEARCH_PATHS = (
					"$(inherited)",
					"@executable_path/Frameworks",
				);
				MARKETING_VERSION = 1.0;
				PRODUCT_BUNDLE_IDENTIFIER = "swiftUIaprendizado.NanoChallenge-03";
				PRODUCT_NAME = "$(TARGET_NAME)";
				SWIFT_EMIT_LOC_STRINGS = YES;
				SWIFT_VERSION = 5.0;
				TARGETED_DEVICE_FAMILY = "1,2";
			};
			name = Debug;
		};
		439DDA162A93CE31008BBCDA /* Release */ = {
			isa = XCBuildConfiguration;
			buildSettings = {
				ASSETCATALOG_COMPILER_APPICON_NAME = AppIcon;
				ASSETCATALOG_COMPILER_GLOBAL_ACCENT_COLOR_NAME = AccentColor;
				CODE_SIGN_ENTITLEMENTS = NanoChallenge_03/NanoChallenge_03.entitlements;
				CODE_SIGN_STYLE = Automatic;
				CURRENT_PROJECT_VERSION = 1;
				DEVELOPMENT_ASSET_PATHS = "\"NanoChallenge_03/Preview Content\"";
				DEVELOPMENT_TEAM = HX623XK8T6;
				ENABLE_PREVIEWS = YES;
				GENERATE_INFOPLIST_FILE = YES;
				INFOPLIST_FILE = "NanoChallenge-03-Info.plist";
				INFOPLIST_KEY_LSApplicationCategoryType = "";
				INFOPLIST_KEY_UIApplicationSceneManifest_Generation = YES;
				INFOPLIST_KEY_UIApplicationSupportsIndirectInputEvents = YES;
				INFOPLIST_KEY_UILaunchScreen_Generation = YES;
				INFOPLIST_KEY_UISupportedInterfaceOrientations_iPad = "UIInterfaceOrientationPortrait UIInterfaceOrientationPortraitUpsideDown UIInterfaceOrientationLandscapeLeft UIInterfaceOrientationLandscapeRight";
				INFOPLIST_KEY_UISupportedInterfaceOrientations_iPhone = "UIInterfaceOrientationPortrait UIInterfaceOrientationLandscapeLeft UIInterfaceOrientationLandscapeRight";
				LD_RUNPATH_SEARCH_PATHS = (
					"$(inherited)",
					"@executable_path/Frameworks",
				);
				MARKETING_VERSION = 1.0;
				PRODUCT_BUNDLE_IDENTIFIER = "swiftUIaprendizado.NanoChallenge-03";
				PRODUCT_NAME = "$(TARGET_NAME)";
				SWIFT_EMIT_LOC_STRINGS = YES;
				SWIFT_VERSION = 5.0;
				TARGETED_DEVICE_FAMILY = "1,2";
			};
			name = Release;
		};
/* End XCBuildConfiguration section */

/* Begin XCConfigurationList section */
		439DDA012A93CE30008BBCDA /* Build configuration list for PBXProject "NanoChallenge_03" */ = {
			isa = XCConfigurationList;
			buildConfigurations = (
				439DDA122A93CE31008BBCDA /* Debug */,
				439DDA132A93CE31008BBCDA /* Release */,
			);
			defaultConfigurationIsVisible = 0;
			defaultConfigurationName = Release;
		};
		439DDA142A93CE31008BBCDA /* Build configuration list for PBXNativeTarget "NanoChallenge_03" */ = {
			isa = XCConfigurationList;
			buildConfigurations = (
				439DDA152A93CE31008BBCDA /* Debug */,
				439DDA162A93CE31008BBCDA /* Release */,
			);
			defaultConfigurationIsVisible = 0;
			defaultConfigurationName = Release;
		};
/* End XCConfigurationList section */

/* Begin XCVersionGroup section */
		3153E1B72A93EB3000959B69 /* CoreDataModel.xcdatamodeld */ = {
			isa = XCVersionGroup;
			children = (
				3153E1B82A93EB3000959B69 /* CoreDataModel.xcdatamodel */,
			);
			currentVersion = 3153E1B82A93EB3000959B69 /* CoreDataModel.xcdatamodel */;
			path = CoreDataModel.xcdatamodeld;
			sourceTree = "<group>";
			versionGroupType = wrapper.xcdatamodel;
		};
/* End XCVersionGroup section */
	};
	rootObject = 439DD9FE2A93CE30008BBCDA /* Project object */;
}
